
Microsoft Visual Studio Solution File, Format Version 12.00
# Visual Studio Version 17
VisualStudioVersion = 17.6.33829.357
MinimumVisualStudioVersion = 10.0.40219.1
Project("{FAE04EC0-301F-11D3-BF4B-00C04F79EFBC}") = "SimpleHttpPcControl", "SimpleHttpPcControl\SimpleHttpPcControl.csproj", "{33BC93E4-A036-43E7-9BA7-5B376BEF9DA0}"
EndProject
Global
	GlobalSection(SolutionConfigurationPlatforms) = preSolution
		Debug|Any CPU = Debug|Any CPU
		Release|Any CPU = Release|Any CPU
	EndGlobalSection
	GlobalSection(ProjectConfigurationPlatforms) = postSolution
		{33BC93E4-A036-43E7-9BA7-5B376BEF9DA0}.Debug|Any CPU.ActiveCfg = Debug|Any CPU
		{33BC93E4-A036-43E7-9BA7-5B376BEF9DA0}.Debug|Any CPU.Build.0 = Debug|Any CPU
		{33BC93E4-A036-43E7-9BA7-5B376BEF9DA0}.Release|Any CPU.ActiveCfg = Release|Any CPU
		{33BC93E4-A036-43E7-9BA7-5B376BEF9DA0}.Release|Any CPU.Build.0 = Release|Any CPU
	EndGlobalSection
	GlobalSection(SolutionProperties) = preSolution
		HideSolutionNode = FALSE
	EndGlobalSection
	GlobalSection(ExtensibilityGlobals) = postSolution
		SolutionGuid = {E4B10A7A-10F4-4FA9-ACBB-083E509E49A3}
	EndGlobalSection
EndGlobal
